
Microsoft Visual Studio Solution File, Format Version 12.00
# Visual Studio Version 17
VisualStudioVersion = 17.11.35312.102
MinimumVisualStudioVersion = 10.0.40219.1
Project("{FAE04EC0-301F-11D3-BF4B-00C04F79EFBC}") = "speech-to-text", "speech-to-text\speech-to-text.csproj", "{C5206F8A-B36C-49EC-8999-7F0C943A4FEC}"
EndProject
Global
	GlobalSection(SolutionConfigurationPlatforms) = preSolution
		Debug|Any CPU = Debug|Any CPU
		Release|Any CPU = Release|Any CPU
	EndGlobalSection
	GlobalSection(ProjectConfigurationPlatforms) = postSolution
		{C5206F8A-B36C-49EC-8999-7F0C943A4FEC}.Debug|Any CPU.ActiveCfg = Debug|Any CPU
		{C5206F8A-B36C-49EC-8999-7F0C943A4FEC}.Debug|Any CPU.Build.0 = Debug|Any CPU
		{C5206F8A-B36C-49EC-8999-7F0C943A4FEC}.Release|Any CPU.ActiveCfg = Release|Any CPU
		{C5206F8A-B36C-49EC-8999-7F0C943A4FEC}.Release|Any CPU.Build.0 = Release|Any CPU
	EndGlobalSection
	GlobalSection(SolutionProperties) = preSolution
		HideSolutionNode = FALSE
	EndGlobalSection
	GlobalSection(ExtensibilityGlobals) = postSolution
		SolutionGuid = {DB01C441-F04C-4D29-8FC1-37954AE7298C}
	EndGlobalSection
EndGlobal
